
Microsoft Visual Studio Solution File, Format Version 12.00
# Visual Studio 15
VisualStudioVersion = 15.0.27004.2006
MinimumVisualStudioVersion = 10.0.40219.1
Project("{FAE04EC0-301F-11D3-BF4B-00C04F79EFBC}") = "NDT_Sliding_Validation_Tool", "NDT_Sliding_Validation_Tool\NDT_Sliding_Validation_Tool.csproj", "{489FA723-27F0-47BF-B052-4AC403D7C647}"
EndProject
Global
	GlobalSection(SolutionConfigurationPlatforms) = preSolution
		Debug|Any CPU = Debug|Any CPU
		Release|Any CPU = Release|Any CPU
	EndGlobalSection
	GlobalSection(ProjectConfigurationPlatforms) = postSolution
		{489FA723-27F0-47BF-B052-4AC403D7C647}.Debug|Any CPU.ActiveCfg = Debug|Any CPU
		{489FA723-27F0-47BF-B052-4AC403D7C647}.Debug|Any CPU.Build.0 = Debug|Any CPU
		{489FA723-27F0-47BF-B052-4AC403D7C647}.Release|Any CPU.ActiveCfg = Release|Any CPU
		{489FA723-27F0-47BF-B052-4AC403D7C647}.Release|Any CPU.Build.0 = Release|Any CPU
	EndGlobalSection
	GlobalSection(SolutionProperties) = preSolution
		HideSolutionNode = FALSE
	EndGlobalSection
	GlobalSection(ExtensibilityGlobals) = postSolution
		SolutionGuid = {29005267-D5A3-4D7B-AE23-8F0A873B40CD}
	EndGlobalSection
EndGlobal
